
Microsoft Visual Studio Solution File, Format Version 12.00
# Visual Studio Version 17
VisualStudioVersion = 17.6.33815.320
MinimumVisualStudioVersion = 10.0.40219.1
Project("{FAE04EC0-301F-11D3-BF4B-00C04F79EFBC}") = "Introduction to Entity Framework", "Introduction to Entity Framework\Introduction to Entity Framework.csproj", "{769927F4-6CA4-46D4-BC22-1601F9075837}"
EndProject
Global
	GlobalSection(SolutionConfigurationPlatforms) = preSolution
		Debug|Any CPU = Debug|Any CPU
		Release|Any CPU = Release|Any CPU
	EndGlobalSection
	GlobalSection(ProjectConfigurationPlatforms) = postSolution
		{769927F4-6CA4-46D4-BC22-1601F9075837}.Debug|Any CPU.ActiveCfg = Debug|Any CPU
		{769927F4-6CA4-46D4-BC22-1601F9075837}.Debug|Any CPU.Build.0 = Debug|Any CPU
		{769927F4-6CA4-46D4-BC22-1601F9075837}.Release|Any CPU.ActiveCfg = Release|Any CPU
		{769927F4-6CA4-46D4-BC22-1601F9075837}.Release|Any CPU.Build.0 = Release|Any CPU
	EndGlobalSection
	GlobalSection(SolutionProperties) = preSolution
		HideSolutionNode = FALSE
	EndGlobalSection
	GlobalSection(ExtensibilityGlobals) = postSolution
		SolutionGuid = {D3B074D9-56B3-4A33-8512-AAB4638B745C}
	EndGlobalSection
EndGlobal
