
Microsoft Visual Studio Solution File, Format Version 12.00
# Visual Studio Version 17
VisualStudioVersion = 17.4.33205.214
MinimumVisualStudioVersion = 10.0.40219.1
Project("{FAE04EC0-301F-11D3-BF4B-00C04F79EFBC}") = "P01. Generic Box of String", "P01. Generic Box of String\P01. Generic Box of String.csproj", "{92215DAD-2296-4DA6-AF3B-CF307C58EFDD}"
EndProject
Project("{FAE04EC0-301F-11D3-BF4B-00C04F79EFBC}") = "P02. Generic Box of Integer", "P02. Generic Box of Integer\P02. Generic Box of Integer.csproj", "{59133B4F-6A37-41DE-83ED-29B0FB64FC9F}"
EndProject
Global
	GlobalSection(SolutionConfigurationPlatforms) = preSolution
		Debug|Any CPU = Debug|Any CPU
		Release|Any CPU = Release|Any CPU
	EndGlobalSection
	GlobalSection(ProjectConfigurationPlatforms) = postSolution
		{92215DAD-2296-4DA6-AF3B-CF307C58EFDD}.Debug|Any CPU.ActiveCfg = Debug|Any CPU
		{92215DAD-2296-4DA6-AF3B-CF307C58EFDD}.Debug|Any CPU.Build.0 = Debug|Any CPU
		{92215DAD-2296-4DA6-AF3B-CF307C58EFDD}.Release|Any CPU.ActiveCfg = Release|Any CPU
		{92215DAD-2296-4DA6-AF3B-CF307C58EFDD}.Release|Any CPU.Build.0 = Release|Any CPU
		{59133B4F-6A37-41DE-83ED-29B0FB64FC9F}.Debug|Any CPU.ActiveCfg = Debug|Any CPU
		{59133B4F-6A37-41DE-83ED-29B0FB64FC9F}.Debug|Any CPU.Build.0 = Debug|Any CPU
		{59133B4F-6A37-41DE-83ED-29B0FB64FC9F}.Release|Any CPU.ActiveCfg = Release|Any CPU
		{59133B4F-6A37-41DE-83ED-29B0FB64FC9F}.Release|Any CPU.Build.0 = Release|Any CPU
	EndGlobalSection
	GlobalSection(SolutionProperties) = preSolution
		HideSolutionNode = FALSE
	EndGlobalSection
	GlobalSection(ExtensibilityGlobals) = postSolution
		SolutionGuid = {1C2BD7D2-76F3-4A60-9BEB-1B0668394FD6}
	EndGlobalSection
EndGlobal
