
Microsoft Visual Studio Solution File, Format Version 12.00
# Visual Studio Version 17
VisualStudioVersion = 17.4.33205.214
MinimumVisualStudioVersion = 10.0.40219.1
Project("{FAE04EC0-301F-11D3-BF4B-00C04F79EFBC}") = "P01. Vehicles", "P01. Vehicles\P01. Vehicles.csproj", "{6A3A802C-169A-4E6D-B3DB-401A027F8D6F}"
EndProject
Project("{FAE04EC0-301F-11D3-BF4B-00C04F79EFBC}") = "P03. Raiding", "P03. Raiding\P03. Raiding.csproj", "{0F9F40B5-897E-445B-AD31-2F191678540E}"
EndProject
Project("{FAE04EC0-301F-11D3-BF4B-00C04F79EFBC}") = "P04. Wild Farm", "P04. Wild Farm\P04. Wild Farm.csproj", "{59B496D7-B0A8-456C-8006-0C9AA142DBB3}"
EndProject
Global
	GlobalSection(SolutionConfigurationPlatforms) = preSolution
		Debug|Any CPU = Debug|Any CPU
		Release|Any CPU = Release|Any CPU
	EndGlobalSection
	GlobalSection(ProjectConfigurationPlatforms) = postSolution
		{6A3A802C-169A-4E6D-B3DB-401A027F8D6F}.Debug|Any CPU.ActiveCfg = Debug|Any CPU
		{6A3A802C-169A-4E6D-B3DB-401A027F8D6F}.Debug|Any CPU.Build.0 = Debug|Any CPU
		{6A3A802C-169A-4E6D-B3DB-401A027F8D6F}.Release|Any CPU.ActiveCfg = Release|Any CPU
		{6A3A802C-169A-4E6D-B3DB-401A027F8D6F}.Release|Any CPU.Build.0 = Release|Any CPU
		{0F9F40B5-897E-445B-AD31-2F191678540E}.Debug|Any CPU.ActiveCfg = Debug|Any CPU
		{0F9F40B5-897E-445B-AD31-2F191678540E}.Debug|Any CPU.Build.0 = Debug|Any CPU
		{0F9F40B5-897E-445B-AD31-2F191678540E}.Release|Any CPU.ActiveCfg = Release|Any CPU
		{0F9F40B5-897E-445B-AD31-2F191678540E}.Release|Any CPU.Build.0 = Release|Any CPU
		{59B496D7-B0A8-456C-8006-0C9AA142DBB3}.Debug|Any CPU.ActiveCfg = Debug|Any CPU
		{59B496D7-B0A8-456C-8006-0C9AA142DBB3}.Debug|Any CPU.Build.0 = Debug|Any CPU
		{59B496D7-B0A8-456C-8006-0C9AA142DBB3}.Release|Any CPU.ActiveCfg = Release|Any CPU
		{59B496D7-B0A8-456C-8006-0C9AA142DBB3}.Release|Any CPU.Build.0 = Release|Any CPU
	EndGlobalSection
	GlobalSection(SolutionProperties) = preSolution
		HideSolutionNode = FALSE
	EndGlobalSection
	GlobalSection(ExtensibilityGlobals) = postSolution
		SolutionGuid = {CFE3B90A-F3A3-481E-B62C-2B481E0A226A}
	EndGlobalSection
EndGlobal
