
Microsoft Visual Studio Solution File, Format Version 12.00
# Visual Studio Version 17
VisualStudioVersion = 17.6.33815.320
MinimumVisualStudioVersion = 10.0.40219.1
Project("{FAE04EC0-301F-11D3-BF4B-00C04F79EFBC}") = "RealEstates.ConsoleApplication", "RealEstates.ConsoleApplication\RealEstates.ConsoleApplication.csproj", "{3AB4DA2A-8034-4647-B7F4-2EECE4F0F619}"
EndProject
Project("{FAE04EC0-301F-11D3-BF4B-00C04F79EFBC}") = "RealEstates.Importer", "RealEstates.Importer\RealEstates.Importer.csproj", "{7B03424A-D3AC-47B2-874C-1C9A04049A32}"
EndProject
Project("{FAE04EC0-301F-11D3-BF4B-00C04F79EFBC}") = "RealEstates.Services", "RealEstates.Services\RealEstates.Services.csproj", "{FA540CDA-76AA-4953-87AD-A4772BBAED31}"
EndProject
Project("{FAE04EC0-301F-11D3-BF4B-00C04F79EFBC}") = "RealEstates.Models", "RealEstates.Models\RealEstates.Models.csproj", "{10EE4778-BCA2-41BF-8EDE-238BC68B4973}"
EndProject
Project("{FAE04EC0-301F-11D3-BF4B-00C04F79EFBC}") = "RealEstates.Data", "RealEstates.Data\RealEstates.Data.csproj", "{1FC45392-A67B-45AE-87B9-987970687967}"
EndProject
Global
	GlobalSection(SolutionConfigurationPlatforms) = preSolution
		Debug|Any CPU = Debug|Any CPU
		Release|Any CPU = Release|Any CPU
	EndGlobalSection
	GlobalSection(ProjectConfigurationPlatforms) = postSolution
		{3AB4DA2A-8034-4647-B7F4-2EECE4F0F619}.Debug|Any CPU.ActiveCfg = Debug|Any CPU
		{3AB4DA2A-8034-4647-B7F4-2EECE4F0F619}.Debug|Any CPU.Build.0 = Debug|Any CPU
		{3AB4DA2A-8034-4647-B7F4-2EECE4F0F619}.Release|Any CPU.ActiveCfg = Release|Any CPU
		{3AB4DA2A-8034-4647-B7F4-2EECE4F0F619}.Release|Any CPU.Build.0 = Release|Any CPU
		{7B03424A-D3AC-47B2-874C-1C9A04049A32}.Debug|Any CPU.ActiveCfg = Debug|Any CPU
		{7B03424A-D3AC-47B2-874C-1C9A04049A32}.Debug|Any CPU.Build.0 = Debug|Any CPU
		{7B03424A-D3AC-47B2-874C-1C9A04049A32}.Release|Any CPU.ActiveCfg = Release|Any CPU
		{7B03424A-D3AC-47B2-874C-1C9A04049A32}.Release|Any CPU.Build.0 = Release|Any CPU
		{FA540CDA-76AA-4953-87AD-A4772BBAED31}.Debug|Any CPU.ActiveCfg = Debug|Any CPU
		{FA540CDA-76AA-4953-87AD-A4772BBAED31}.Debug|Any CPU.Build.0 = Debug|Any CPU
		{FA540CDA-76AA-4953-87AD-A4772BBAED31}.Release|Any CPU.ActiveCfg = Release|Any CPU
		{FA540CDA-76AA-4953-87AD-A4772BBAED31}.Release|Any CPU.Build.0 = Release|Any CPU
		{10EE4778-BCA2-41BF-8EDE-238BC68B4973}.Debug|Any CPU.ActiveCfg = Debug|Any CPU
		{10EE4778-BCA2-41BF-8EDE-238BC68B4973}.Debug|Any CPU.Build.0 = Debug|Any CPU
		{10EE4778-BCA2-41BF-8EDE-238BC68B4973}.Release|Any CPU.ActiveCfg = Release|Any CPU
		{10EE4778-BCA2-41BF-8EDE-238BC68B4973}.Release|Any CPU.Build.0 = Release|Any CPU
		{1FC45392-A67B-45AE-87B9-987970687967}.Debug|Any CPU.ActiveCfg = Debug|Any CPU
		{1FC45392-A67B-45AE-87B9-987970687967}.Debug|Any CPU.Build.0 = Debug|Any CPU
		{1FC45392-A67B-45AE-87B9-987970687967}.Release|Any CPU.ActiveCfg = Release|Any CPU
		{1FC45392-A67B-45AE-87B9-987970687967}.Release|Any CPU.Build.0 = Release|Any CPU
	EndGlobalSection
	GlobalSection(SolutionProperties) = preSolution
		HideSolutionNode = FALSE
	EndGlobalSection
	GlobalSection(ExtensibilityGlobals) = postSolution
		SolutionGuid = {FFC10260-8FC4-41E4-82D1-7C5FF144370C}
	EndGlobalSection
EndGlobal
