
Microsoft Visual Studio Solution File, Format Version 12.00
# Visual Studio Version 17
VisualStudioVersion = 17.4.33205.214
MinimumVisualStudioVersion = 10.0.40219.1
Project("{FAE04EC0-301F-11D3-BF4B-00C04F79EFBC}") = "P01. Logger", "P01. Logger\P01. Logger.csproj", "{E2E04DD8-F7C5-4417-8EBE-F5908AF96088}"
EndProject
Global
	GlobalSection(SolutionConfigurationPlatforms) = preSolution
		Debug|Any CPU = Debug|Any CPU
		Release|Any CPU = Release|Any CPU
	EndGlobalSection
	GlobalSection(ProjectConfigurationPlatforms) = postSolution
		{E2E04DD8-F7C5-4417-8EBE-F5908AF96088}.Debug|Any CPU.ActiveCfg = Debug|Any CPU
		{E2E04DD8-F7C5-4417-8EBE-F5908AF96088}.Debug|Any CPU.Build.0 = Debug|Any CPU
		{E2E04DD8-F7C5-4417-8EBE-F5908AF96088}.Release|Any CPU.ActiveCfg = Release|Any CPU
		{E2E04DD8-F7C5-4417-8EBE-F5908AF96088}.Release|Any CPU.Build.0 = Release|Any CPU
	EndGlobalSection
	GlobalSection(SolutionProperties) = preSolution
		HideSolutionNode = FALSE
	EndGlobalSection
	GlobalSection(ExtensibilityGlobals) = postSolution
		SolutionGuid = {05A9B89F-EA46-4933-A891-E06C86A6045F}
	EndGlobalSection
EndGlobal
