
Microsoft Visual Studio Solution File, Format Version 12.00
# Visual Studio Version 17
VisualStudioVersion = 17.4.33205.214
MinimumVisualStudioVersion = 10.0.40219.1
Project("{FAE04EC0-301F-11D3-BF4B-00C04F79EFBC}") = "P01. Data Types", "P01. Data Types\P01. Data Types.csproj", "{DE387A28-A510-4FBD-A0B8-EAE135AD59DC}"
EndProject
Global
	GlobalSection(SolutionConfigurationPlatforms) = preSolution
		Debug|Any CPU = Debug|Any CPU
		Release|Any CPU = Release|Any CPU
	EndGlobalSection
	GlobalSection(ProjectConfigurationPlatforms) = postSolution
		{DE387A28-A510-4FBD-A0B8-EAE135AD59DC}.Debug|Any CPU.ActiveCfg = Debug|Any CPU
		{DE387A28-A510-4FBD-A0B8-EAE135AD59DC}.Debug|Any CPU.Build.0 = Debug|Any CPU
		{DE387A28-A510-4FBD-A0B8-EAE135AD59DC}.Release|Any CPU.ActiveCfg = Release|Any CPU
		{DE387A28-A510-4FBD-A0B8-EAE135AD59DC}.Release|Any CPU.Build.0 = Release|Any CPU
	EndGlobalSection
	GlobalSection(SolutionProperties) = preSolution
		HideSolutionNode = FALSE
	EndGlobalSection
	GlobalSection(ExtensibilityGlobals) = postSolution
		SolutionGuid = {408198C6-CCFE-4477-B5A1-6ED2B87F37AA}
	EndGlobalSection
EndGlobal
