
Microsoft Visual Studio Solution File, Format Version 12.00
# Visual Studio Version 17
VisualStudioVersion = 17.4.33205.214
MinimumVisualStudioVersion = 10.0.40219.1
Project("{FAE04EC0-301F-11D3-BF4B-00C04F79EFBC}") = "P03_SalesDatabase", "P03_SalesDatabase\P03_SalesDatabase.csproj", "{70E9682E-0710-43F1-8C18-7CD8834B1A79}"
EndProject
Project("{FAE04EC0-301F-11D3-BF4B-00C04F79EFBC}") = "P03_SalesDatabase.Data", "P03_SalesDatabase.Data\P03_SalesDatabase.Data.csproj", "{099AEBC3-DED6-43B3-8828-092359A0540A}"
EndProject
Project("{FAE04EC0-301F-11D3-BF4B-00C04F79EFBC}") = "P03_SalesDatabase.Data.Models", "P03_SalesDatabase.Data.Models\P03_SalesDatabase.Data.Models.csproj", "{1AC25164-9B3E-4728-9723-C435920C55CA}"
EndProject
Global
	GlobalSection(SolutionConfigurationPlatforms) = preSolution
		Debug|Any CPU = Debug|Any CPU
		Release|Any CPU = Release|Any CPU
	EndGlobalSection
	GlobalSection(ProjectConfigurationPlatforms) = postSolution
		{70E9682E-0710-43F1-8C18-7CD8834B1A79}.Debug|Any CPU.ActiveCfg = Debug|Any CPU
		{70E9682E-0710-43F1-8C18-7CD8834B1A79}.Debug|Any CPU.Build.0 = Debug|Any CPU
		{70E9682E-0710-43F1-8C18-7CD8834B1A79}.Release|Any CPU.ActiveCfg = Release|Any CPU
		{70E9682E-0710-43F1-8C18-7CD8834B1A79}.Release|Any CPU.Build.0 = Release|Any CPU
		{099AEBC3-DED6-43B3-8828-092359A0540A}.Debug|Any CPU.ActiveCfg = Debug|Any CPU
		{099AEBC3-DED6-43B3-8828-092359A0540A}.Debug|Any CPU.Build.0 = Debug|Any CPU
		{099AEBC3-DED6-43B3-8828-092359A0540A}.Release|Any CPU.ActiveCfg = Release|Any CPU
		{099AEBC3-DED6-43B3-8828-092359A0540A}.Release|Any CPU.Build.0 = Release|Any CPU
		{1AC25164-9B3E-4728-9723-C435920C55CA}.Debug|Any CPU.ActiveCfg = Debug|Any CPU
		{1AC25164-9B3E-4728-9723-C435920C55CA}.Debug|Any CPU.Build.0 = Debug|Any CPU
		{1AC25164-9B3E-4728-9723-C435920C55CA}.Release|Any CPU.ActiveCfg = Release|Any CPU
		{1AC25164-9B3E-4728-9723-C435920C55CA}.Release|Any CPU.Build.0 = Release|Any CPU
	EndGlobalSection
	GlobalSection(SolutionProperties) = preSolution
		HideSolutionNode = FALSE
	EndGlobalSection
	GlobalSection(ExtensibilityGlobals) = postSolution
		SolutionGuid = {E3C217B6-EE1D-4CF6-8291-6F735BA2E6B0}
	EndGlobalSection
EndGlobal
