
Microsoft Visual Studio Solution File, Format Version 12.00
# Visual Studio Version 17
VisualStudioVersion = 17.4.33205.214
MinimumVisualStudioVersion = 10.0.40219.1
Project("{FAE04EC0-301F-11D3-BF4B-00C04F79EFBC}") = "P01. Articles", "P01. Advertisement Message\P01. Articles.csproj", "{8E501957-5631-4FC5-8B51-F4305436B977}"
EndProject
Global
	GlobalSection(SolutionConfigurationPlatforms) = preSolution
		Debug|Any CPU = Debug|Any CPU
		Release|Any CPU = Release|Any CPU
	EndGlobalSection
	GlobalSection(ProjectConfigurationPlatforms) = postSolution
		{8E501957-5631-4FC5-8B51-F4305436B977}.Debug|Any CPU.ActiveCfg = Debug|Any CPU
		{8E501957-5631-4FC5-8B51-F4305436B977}.Debug|Any CPU.Build.0 = Debug|Any CPU
		{8E501957-5631-4FC5-8B51-F4305436B977}.Release|Any CPU.ActiveCfg = Release|Any CPU
		{8E501957-5631-4FC5-8B51-F4305436B977}.Release|Any CPU.Build.0 = Release|Any CPU
	EndGlobalSection
	GlobalSection(SolutionProperties) = preSolution
		HideSolutionNode = FALSE
	EndGlobalSection
	GlobalSection(ExtensibilityGlobals) = postSolution
		SolutionGuid = {D8910E60-C729-4909-B707-A543656C3C70}
	EndGlobalSection
EndGlobal
